
Microsoft Visual Studio Solution File, Format Version 12.00
# Visual Studio 2013
VisualStudioVersion = 12.0.21005.1
MinimumVisualStudioVersion = 10.0.40219.1
Project("{8BC9CEB8-8B4A-11D0-8D11-00A0C91BC942}") = "test-2-11", "test-2-11\test-2-11.vcxproj", "{692AD1A1-9994-4DB3-854E-4184C8C0AB53}"
EndProject
Global
	GlobalSection(SolutionConfigurationPlatforms) = preSolution
		Debug|Win32 = Debug|Win32
		Release|Win32 = Release|Win32
	EndGlobalSection
	GlobalSection(ProjectConfigurationPlatforms) = postSolution
		{692AD1A1-9994-4DB3-854E-4184C8C0AB53}.Debug|Win32.ActiveCfg = Debug|Win32
		{692AD1A1-9994-4DB3-854E-4184C8C0AB53}.Debug|Win32.Build.0 = Debug|Win32
		{692AD1A1-9994-4DB3-854E-4184C8C0AB53}.Release|Win32.ActiveCfg = Release|Win32
		{692AD1A1-9994-4DB3-854E-4184C8C0AB53}.Release|Win32.Build.0 = Release|Win32
	EndGlobalSection
	GlobalSection(SolutionProperties) = preSolution
		HideSolutionNode = FALSE
	EndGlobalSection
EndGlobal
